
Microsoft Visual Studio Solution File, Format Version 12.00
# Visual Studio Version 16
VisualStudioVersion = 16.0.29215.179
MinimumVisualStudioVersion = 10.0.40219.1
Project("{FAE04EC0-301F-11D3-BF4B-00C04F79EFBC}") = "ConversionArimetica_Infija_Posfija_Prefija", "ConversionArimetica_Infija_Posfija_Prefija.csproj", "{7472C19A-0C0A-4514-BF86-EBA90042FAB6}"
EndProject
Project("{FAE04EC0-301F-11D3-BF4B-00C04F79EFBC}") = "Listas", "..\Listas\Listas\Listas.csproj", "{2A4B6ACA-0AE4-48F1-9071-BE54D1561550}"
EndProject
Project("{FAE04EC0-301F-11D3-BF4B-00C04F79EFBC}") = "Aplicacion_Automatas1", "..\..\BLEND\AUTOMATAS\Aplicacion_Automatas1\Aplicacion_Automatas1.csproj", "{4F891B59-AA49-4176-9252-4C7A7B93F6C8}"
EndProject
Global
	GlobalSection(SolutionConfigurationPlatforms) = preSolution
		Debug|Any CPU = Debug|Any CPU
		Release|Any CPU = Release|Any CPU
	EndGlobalSection
	GlobalSection(ProjectConfigurationPlatforms) = postSolution
		{7472C19A-0C0A-4514-BF86-EBA90042FAB6}.Debug|Any CPU.ActiveCfg = Debug|Any CPU
		{7472C19A-0C0A-4514-BF86-EBA90042FAB6}.Debug|Any CPU.Build.0 = Debug|Any CPU
		{7472C19A-0C0A-4514-BF86-EBA90042FAB6}.Release|Any CPU.ActiveCfg = Release|Any CPU
		{7472C19A-0C0A-4514-BF86-EBA90042FAB6}.Release|Any CPU.Build.0 = Release|Any CPU
		{2A4B6ACA-0AE4-48F1-9071-BE54D1561550}.Debug|Any CPU.ActiveCfg = Debug|Any CPU
		{2A4B6ACA-0AE4-48F1-9071-BE54D1561550}.Debug|Any CPU.Build.0 = Debug|Any CPU
		{2A4B6ACA-0AE4-48F1-9071-BE54D1561550}.Release|Any CPU.ActiveCfg = Release|Any CPU
		{2A4B6ACA-0AE4-48F1-9071-BE54D1561550}.Release|Any CPU.Build.0 = Release|Any CPU
		{4F891B59-AA49-4176-9252-4C7A7B93F6C8}.Debug|Any CPU.ActiveCfg = Debug|Any CPU
		{4F891B59-AA49-4176-9252-4C7A7B93F6C8}.Debug|Any CPU.Build.0 = Debug|Any CPU
		{4F891B59-AA49-4176-9252-4C7A7B93F6C8}.Release|Any CPU.ActiveCfg = Release|Any CPU
		{4F891B59-AA49-4176-9252-4C7A7B93F6C8}.Release|Any CPU.Build.0 = Release|Any CPU
	EndGlobalSection
	GlobalSection(SolutionProperties) = preSolution
		HideSolutionNode = FALSE
	EndGlobalSection
	GlobalSection(ExtensibilityGlobals) = postSolution
		SolutionGuid = {A50CC035-27D5-41B0-B064-611291F42991}
	EndGlobalSection
EndGlobal
